{
    "version": 3,
    "terraform_version": "0.9.11",
    "serial": 4,
    "lineage": "7bbbb346-86da-45f9-8303-9a4771736949",
    "modules": [
        {
            "path": [
                "root"
            ],
            "outputs": {
                "docker_swarm_node": {
                    "sensitive": false,
                    "type": "string",
                    "value": "34.201.56.67"
                }
            },
            "resources": {
                "aws_instance.docker_swarm_node": {
                    "type": "aws_instance",
                    "depends_on": [
                        "aws_key_pair.docker_swarm_key",
                        "aws_security_group.docker_swarm_sg",
                        "aws_subnet.docker_swarm_subnet"
                    ],
                    "primary": {
                        "id": "i-0e87c32dee7560a60",
                        "attributes": {
                            "ami": "ami-f4cc1de2",
                            "associate_public_ip_address": "true",
                            "availability_zone": "us-east-1b",
                            "disable_api_termination": "false",
                            "ebs_block_device.#": "0",
                            "ebs_optimized": "false",
                            "ephemeral_block_device.#": "0",
                            "iam_instance_profile": "",
                            "id": "i-0e87c32dee7560a60",
                            "instance_state": "running",
                            "instance_type": "t2.large",
                            "ipv6_addresses.#": "0",
                            "key_name": "docker_swarm",
                            "monitoring": "false",
                            "network_interface.#": "0",
                            "network_interface_id": "eni-94026683",
                            "primary_network_interface_id": "eni-94026683",
                            "private_dns": "ip-10-2-1-167.ec2.internal",
                            "private_ip": "10.2.1.167",
                            "public_dns": "ec2-34-201-56-67.compute-1.amazonaws.com",
                            "public_ip": "34.201.56.67",
                            "root_block_device.#": "1",
                            "root_block_device.0.delete_on_termination": "true",
                            "root_block_device.0.iops": "0",
                            "root_block_device.0.volume_size": "10",
                            "root_block_device.0.volume_type": "standard",
                            "security_groups.#": "0",
                            "source_dest_check": "true",
                            "subnet_id": "subnet-e1a55685",
                            "tags.%": "3",
                            "tags.Environment": "production",
                            "tags.Name": "Docker Swarm Node",
                            "tags.Owner": "DevOps",
                            "tenancy": "default",
                            "user_data": "3bfe902a79ccf89bda8a4b97a24c0b2d0508fd33",
                            "volume_tags.%": "0",
                            "vpc_security_group_ids.#": "1",
                            "vpc_security_group_ids.153026878": "sg-bd7087cd"
                        },
                        "meta": {
                            "e2bfb730-ecaa-11e6-8f88-34363bc7c4c0": {
                                "create": 600000000000,
                                "delete": 600000000000,
                                "update": 600000000000
                            },
                            "schema_version": "1"
                        },
                        "tainted": false
                    },
                    "deposed": [],
                    "provider": ""
                },
                "aws_internet_gateway.docker_swarm_vpc_ig": {
                    "type": "aws_internet_gateway",
                    "depends_on": [
                        "aws_vpc.docker_swarm_vpc"
                    ],
                    "primary": {
                        "id": "igw-9bf1dffd",
                        "attributes": {
                            "id": "igw-9bf1dffd",
                            "tags.%": "3",
                            "tags.Environment": "production",
                            "tags.Name": "Docker swarm Internet Gateway",
                            "tags.Owner": "DevOps",
                            "vpc_id": "vpc-01c68278"
                        },
                        "meta": {},
                        "tainted": false
                    },
                    "deposed": [],
                    "provider": ""
                },
                "aws_key_pair.docker_swarm_key": {
                    "type": "aws_key_pair",
                    "depends_on": [],
                    "primary": {
                        "id": "docker_swarm",
                        "attributes": {
                            "fingerprint": "c9:00:58:ed:4d:6a:16:bd:d3:a5:20:98:7e:e5:01:ee",
                            "id": "docker_swarm",
                            "key_name": "docker_swarm",
                            "public_key": "ssh-rsa AAAAB3NzaC1yc2EAAAADAQABAAABAQCe5xSCNomOqi0DcV6bGSdevSWeObWj0tjS8uqr9kdTQJQ2Ep2GvHJApJqpopPBukxwwivsx8jFcE46PcrhvHrV+swinjSlJdJOc9gL3jd0rNQH/P3W4kcTlYHM7xhODKscKCgqDlfNXl1liOKIE/YVw2p2y58xcKuUqlE/rSTjSKfm+uNTCkPNu7NhlYNESdyY4rnee/EfHDwMc8hTAa05XJfG6LoJMb/CRTJ19RSHa8UWSKvr5I0pvMWBZ1SIdJvcyGVx3NT3h4dJhJEnI2rh/oD8PiM/8M5ua4u+hmLlpMxTOF2pSMZwu0SqtRWrcKiUMvFiUVpHvGZbFoAhLWHt varadharajan@VaradharajanLaptop"
                        },
                        "meta": {
                            "schema_version": "1"
                        },
                        "tainted": false
                    },
                    "deposed": [],
                    "provider": ""
                },
                "aws_route_table.docker_swarm_subnet_route_table": {
                    "type": "aws_route_table",
                    "depends_on": [
                        "aws_internet_gateway.docker_swarm_vpc_ig",
                        "aws_vpc.docker_swarm_vpc"
                    ],
                    "primary": {
                        "id": "rtb-dd6173a5",
                        "attributes": {
                            "id": "rtb-dd6173a5",
                            "propagating_vgws.#": "0",
                            "route.#": "1",
                            "route.1102917873.cidr_block": "0.0.0.0/0",
                            "route.1102917873.egress_only_gateway_id": "",
                            "route.1102917873.gateway_id": "igw-9bf1dffd",
                            "route.1102917873.instance_id": "",
                            "route.1102917873.ipv6_cidr_block": "",
                            "route.1102917873.nat_gateway_id": "",
                            "route.1102917873.network_interface_id": "",
                            "route.1102917873.vpc_peering_connection_id": "",
                            "tags.%": "3",
                            "tags.Environment": "production",
                            "tags.Name": "Docker Swarm Subnet Route Table",
                            "tags.Owner": "DevOps",
                            "vpc_id": "vpc-01c68278"
                        },
                        "meta": {},
                        "tainted": false
                    },
                    "deposed": [],
                    "provider": ""
                },
                "aws_route_table_association.docker_swarm_route_table_association": {
                    "type": "aws_route_table_association",
                    "depends_on": [
                        "aws_route_table.docker_swarm_subnet_route_table",
                        "aws_subnet.docker_swarm_subnet"
                    ],
                    "primary": {
                        "id": "rtbassoc-580ddd22",
                        "attributes": {
                            "id": "rtbassoc-580ddd22",
                            "route_table_id": "rtb-dd6173a5",
                            "subnet_id": "subnet-e1a55685"
                        },
                        "meta": {},
                        "tainted": false
                    },
                    "deposed": [],
                    "provider": ""
                },
                "aws_security_group.docker_swarm_sg": {
                    "type": "aws_security_group",
                    "depends_on": [
                        "aws_vpc.docker_swarm_vpc"
                    ],
                    "primary": {
                        "id": "sg-bd7087cd",
                        "attributes": {
                            "description": "Security group for Docker Swarm",
                            "egress.#": "1",
                            "egress.482069346.cidr_blocks.#": "1",
                            "egress.482069346.cidr_blocks.0": "0.0.0.0/0",
                            "egress.482069346.from_port": "0",
                            "egress.482069346.ipv6_cidr_blocks.#": "0",
                            "egress.482069346.prefix_list_ids.#": "0",
                            "egress.482069346.protocol": "-1",
                            "egress.482069346.security_groups.#": "0",
                            "egress.482069346.self": "false",
                            "egress.482069346.to_port": "0",
                            "id": "sg-bd7087cd",
                            "ingress.#": "4",
                            "ingress.2541437006.cidr_blocks.#": "1",
                            "ingress.2541437006.cidr_blocks.0": "0.0.0.0/0",
                            "ingress.2541437006.from_port": "22",
                            "ingress.2541437006.ipv6_cidr_blocks.#": "0",
                            "ingress.2541437006.protocol": "tcp",
                            "ingress.2541437006.security_groups.#": "0",
                            "ingress.2541437006.self": "false",
                            "ingress.2541437006.to_port": "22",
                            "ingress.332570261.cidr_blocks.#": "1",
                            "ingress.332570261.cidr_blocks.0": "0.0.0.0/0",
                            "ingress.332570261.from_port": "8000",
                            "ingress.332570261.ipv6_cidr_blocks.#": "0",
                            "ingress.332570261.protocol": "tcp",
                            "ingress.332570261.security_groups.#": "0",
                            "ingress.332570261.self": "false",
                            "ingress.332570261.to_port": "8000",
                            "ingress.619371795.cidr_blocks.#": "1",
                            "ingress.619371795.cidr_blocks.0": "0.0.0.0/0",
                            "ingress.619371795.from_port": "2375",
                            "ingress.619371795.ipv6_cidr_blocks.#": "0",
                            "ingress.619371795.protocol": "tcp",
                            "ingress.619371795.security_groups.#": "0",
                            "ingress.619371795.self": "false",
                            "ingress.619371795.to_port": "2375",
                            "ingress.666671131.cidr_blocks.#": "1",
                            "ingress.666671131.cidr_blocks.0": "0.0.0.0/0",
                            "ingress.666671131.from_port": "8080",
                            "ingress.666671131.ipv6_cidr_blocks.#": "0",
                            "ingress.666671131.protocol": "tcp",
                            "ingress.666671131.security_groups.#": "0",
                            "ingress.666671131.self": "false",
                            "ingress.666671131.to_port": "8083",
                            "name": "sg_docker_swarm",
                            "owner_id": "656397739249",
                            "tags.%": "3",
                            "tags.Environment": "production",
                            "tags.Name": "Docker swarm security group",
                            "tags.Owner": "DevOps",
                            "vpc_id": "vpc-01c68278"
                        },
                        "meta": {},
                        "tainted": false
                    },
                    "deposed": [],
                    "provider": ""
                },
                "aws_subnet.docker_swarm_subnet": {
                    "type": "aws_subnet",
                    "depends_on": [
                        "aws_vpc.docker_swarm_vpc"
                    ],
                    "primary": {
                        "id": "subnet-e1a55685",
                        "attributes": {
                            "assign_ipv6_address_on_creation": "false",
                            "availability_zone": "us-east-1b",
                            "cidr_block": "10.2.1.0/24",
                            "id": "subnet-e1a55685",
                            "map_public_ip_on_launch": "false",
                            "tags.%": "3",
                            "tags.Environment": "production",
                            "tags.Name": "Docker swarm Subnet",
                            "tags.Owner": "DevOps",
                            "vpc_id": "vpc-01c68278"
                        },
                        "meta": {
                            "schema_version": "1"
                        },
                        "tainted": false
                    },
                    "deposed": [],
                    "provider": ""
                },
                "aws_vpc.docker_swarm_vpc": {
                    "type": "aws_vpc",
                    "depends_on": [],
                    "primary": {
                        "id": "vpc-01c68278",
                        "attributes": {
                            "assign_generated_ipv6_cidr_block": "false",
                            "cidr_block": "10.2.0.0/16",
                            "default_network_acl_id": "acl-b4b05acc",
                            "default_route_table_id": "rtb-21756759",
                            "default_security_group_id": "sg-22649352",
                            "dhcp_options_id": "dopt-d9dab4b7",
                            "enable_classiclink": "false",
                            "enable_dns_hostnames": "true",
                            "enable_dns_support": "true",
                            "id": "vpc-01c68278",
                            "instance_tenancy": "default",
                            "main_route_table_id": "rtb-21756759",
                            "tags.%": "3",
                            "tags.Environment": "production",
                            "tags.Name": "Docker swarm VPC",
                            "tags.Owner": "DevOps"
                        },
                        "meta": {
                            "schema_version": "1"
                        },
                        "tainted": false
                    },
                    "deposed": [],
                    "provider": ""
                }
            },
            "depends_on": []
        }
    ]
}
